
Microsoft Visual Studio Solution File, Format Version 12.00
# Visual Studio 15
Project("{FAE04EC0-301F-11D3-BF4B-00C04F79EFBC}") = "Fejlfinding", "Fejlfinding\Fejlfinding.csproj", "{97D78068-8A42-4EB5-8771-048BEAE42211}"
EndProject
Global
	GlobalSection(SolutionConfigurationPlatforms) = preSolution
		Debug|x86 = Debug|x86
		Release|x86 = Release|x86
	EndGlobalSection
	GlobalSection(ProjectConfigurationPlatforms) = postSolution
		{97D78068-8A42-4EB5-8771-048BEAE42211}.Debug|x86.ActiveCfg = Debug|x86
		{97D78068-8A42-4EB5-8771-048BEAE42211}.Debug|x86.Build.0 = Debug|x86
		{97D78068-8A42-4EB5-8771-048BEAE42211}.Release|x86.ActiveCfg = Release|x86
		{97D78068-8A42-4EB5-8771-048BEAE42211}.Release|x86.Build.0 = Release|x86
	EndGlobalSection
EndGlobal
